
Microsoft Visual Studio Solution File, Format Version 12.00
# Visual Studio Version 16
VisualStudioVersion = 16.0.30114.105
MinimumVisualStudioVersion = 10.0.40219.1
Project("{FAE04EC0-301F-11D3-BF4B-00C04F79EFBC}") = "Tests", "Tests\Tests.csproj", "{CD98CEC0-5191-421E-BBDE-06BAF33E210B}"
EndProject
Project("{FAE04EC0-301F-11D3-BF4B-00C04F79EFBC}") = "CoffeeMaker", "CoffeeMaker\CoffeeMaker.csproj", "{1958C7A7-138B-43C9-9F9D-43645320FF19}"
EndProject
Global
	GlobalSection(SolutionConfigurationPlatforms) = preSolution
		Debug|Any CPU = Debug|Any CPU
		Release|Any CPU = Release|Any CPU
	EndGlobalSection
	GlobalSection(ProjectConfigurationPlatforms) = postSolution
		{CD98CEC0-5191-421E-BBDE-06BAF33E210B}.Debug|Any CPU.ActiveCfg = Debug|Any CPU
		{CD98CEC0-5191-421E-BBDE-06BAF33E210B}.Debug|Any CPU.Build.0 = Debug|Any CPU
		{CD98CEC0-5191-421E-BBDE-06BAF33E210B}.Release|Any CPU.ActiveCfg = Release|Any CPU
		{CD98CEC0-5191-421E-BBDE-06BAF33E210B}.Release|Any CPU.Build.0 = Release|Any CPU
		{1958C7A7-138B-43C9-9F9D-43645320FF19}.Debug|Any CPU.ActiveCfg = Debug|Any CPU
		{1958C7A7-138B-43C9-9F9D-43645320FF19}.Debug|Any CPU.Build.0 = Debug|Any CPU
		{1958C7A7-138B-43C9-9F9D-43645320FF19}.Release|Any CPU.ActiveCfg = Release|Any CPU
		{1958C7A7-138B-43C9-9F9D-43645320FF19}.Release|Any CPU.Build.0 = Release|Any CPU
	EndGlobalSection
	GlobalSection(SolutionProperties) = preSolution
		HideSolutionNode = FALSE
	EndGlobalSection
	GlobalSection(ExtensibilityGlobals) = postSolution
		SolutionGuid = {FF6FEC70-3522-4557-A729-9A104FA3D7C9}
	EndGlobalSection
EndGlobal
